Microsoft Visual Studio Solution File, Format Version 12.00
# Visual Studio Version 17
VisualStudioVersion = 17.5.2.0
MinimumVisualStudioVersion = 10.0.40219.1
Project("{FAE04EC0-301F-11D3-BF4B-00C04F79EFBC}") = "LibraryManagementApp", "LibraryManagementApp\LibraryManagementApp.csproj", "{70CA3D39-5F2D-F18D-047E-F89E5A5805CF}"
EndProject
Global
	GlobalSection(SolutionConfigurationPlatforms) = preSolution
		Debug|Any CPU = Debug|Any CPU
		Release|Any CPU = Release|Any CPU
	EndGlobalSection
	GlobalSection(ProjectConfigurationPlatforms) = postSolution
		{70CA3D39-5F2D-F18D-047E-F89E5A5805CF}.Debug|Any CPU.ActiveCfg = Debug|Any CPU
		{70CA3D39-5F2D-F18D-047E-F89E5A5805CF}.Debug|Any CPU.Build.0 = Debug|Any CPU
		{70CA3D39-5F2D-F18D-047E-F89E5A5805CF}.Release|Any CPU.ActiveCfg = Release|Any CPU
		{70CA3D39-5F2D-F18D-047E-F89E5A5805CF}.Release|Any CPU.Build.0 = Release|Any CPU
	EndGlobalSection
	GlobalSection(SolutionProperties) = preSolution
		HideSolutionNode = FALSE
	EndGlobalSection
	GlobalSection(ExtensibilityGlobals) = postSolution
		SolutionGuid = {B097964D-5F40-4C06-BDDE-7B33BF3CE39C}
	EndGlobalSection
EndGlobal
